[["version","1"]]
["","container.from",["docker.io/library/debian:bookworm-slim","linux/arm64"],"sha256:88200866dfff7ea7f5cbcb6ec7c8a701889efe6fe859fe64d6990e4b07ea4171","pin"]
["","container.from",["docker.io/library/rust:1.97.1-slim-bookworm","linux/arm64"],"sha256:2775a09d208ff0d7c1f50490c45b62db929e87ba1dcbc3f2132ac71a704bcdd3","pin"]