# tokeira-dsql-schema-baseline-v1
immutable_through_version 67
1 schema_version 52a0609a55c2c0b2742cb9d16ec065da4015f6ac8cfe89e4ad387593c05e5484
2 shard_lease 1ec9ed7372f0b60ab2d18dced0162c3eef42614084470824bab32bd770218062
3 current_execution 1dd49864a3cda2932598322d2285b84ca3e3dc28fee20f7d5341b64e317b941a
4 workflow_hot 3ef64a280856828c5ec7953900780e3e05433562adf7199c7575a5e801dc66c6
5 history_batch d56d1ea03c6cc7d86888cdd52270be44ae0ee71b0f8ea08f14b80c84fc4ca11d
6 request_dedupe fae45d3a2f0b138994c1427e0f86e24afe87b400efc6fd9c2c0b10d36b06fcf3
7 activity_state b6e7f4c231b4f64215da19d52b2bc1f6375d6f245583adc4f9924747d7fc3c00
8 timer_bucket 2eeb0905a453d917e6f594ba917d9a87689230fb92c5151549da064c9f52ef44
9 dispatch_backlog f217d0aef9e4c4bf8da5d39993d6d3bb5281eecc77bf77228385a09511202685
10 projection_log 6ab7682a5d7960d0eb1ffc5717c9039bde6cdcb7afdee69b3b11a9ebe3d64f16
11 projector_checkpoint ceda9fa4837eb11b8d268782331ad00f769616542e44ece2f34e45f021359170
12 vis_execution c66c486639b27289809074436b5e0639ca11e7ae5666e39dfb7acc529aab12f7
13 idx_workflow_hot_shard 7d65e245d82c06df7fabc807e11ca09de59ebe4513375387a118adcbc0e4f6d0
14 idx_activity_state_shard 692264b94a7e6fc6dd6bf6816a375a6c1ad39bd3a3d7aad588c3c6d609291b78
15 idx_activity_state_queue 6acb57d926fb7fb9d1e3fede5017fe4a79ea8f68cf32875d0cc6fa455647e601
16 idx_timer_bucket_shard_fire 202d143dfa607809530b34ea7999a438e59fb5df8f88bf77cda99d8d56acbabf
17 idx_vis_execution_ns_close 5b0c2716567386282bb9640459413adc4b11bb6bc90060b9dd698c8a0170e86c
18 idx_vis_execution_ns_type 7a3400d6501bdcee4e5f57b68125d7910645a0ad9054e37db0b133a25d514df5
19 idx_current_execution_ns_wf 788e9cc8e4a24b8d45fd85647060904ee892ec70110a1c043fe38df290d88f0d
20 idx_request_dedupe_ns_wf_req b7b3e4782fb3910f466aab24f1ce2eb01a49053285304e0b6eb267cf4756e489
21 idx_activity_state_run_activity f841879f2a22bf82751aa87889db5e38bf49a5de5156a7738c10c58dbcc669b3
22 idx_timer_bucket_run_timer 813d954aa33a13c849d2cc0878804ac43194c8f82c6804821b142f4e7f04e55f
23 idx_dispatch_backlog_queue_order 2ca6791886f28a515f54b10dda77cd3f5f8dee5a06e45e00ac1bca78daf0346d
24 idx_workflow_hot_namespace 4edde43f6a4d6382e854e514640c5943f1f5d3bec2d7299f2d9ae1506202c3ed
25 activity_dispatch 60289a6970666eb48c72ff53f7ee68bd69c1e92dfc83182a216158d57414e100
26 idx_activity_dispatch_shard 83017d7f9f91989f0dd3a7179ba6193d04f7b3ef553280a50ba7b74a79eab99c
27 idx_activity_dispatch_queue 4ce36d66442b5a7cce4dfc9936109a61391bf8112e8d38834664f4a2d8f9943f
28 idx_activity_dispatch_run_key f2cceee9fc14ad4c20d9594c83113d86bbb11a009a6377f57bd3d38bf88cc67e
29 sa_registry f6247b368ca09266b58e2b7dd1e641cc3cf454a3199c5a0362cb91c074622e8a
30 idx_sa_registry_ns_name be2286032c81fa38df4d73deea0ae191d4da91fd4d4c2c179e46794123e432da
31 sa_current f1dbf8ee18fb6f27e68a47b43ef18034e77fed6755a89823ea32a00205e1abb4
32 sa_keyword_idx 6b2200c1a1de9a9f8607b0c5bfddc2f8014df9eceb57d5a3b8e8ce61ddc018bd
33 sa_keyword_list_idx abc8ba02f34218528cc1ff0c16bd2dddb742b520761fe76256327ae69d9c0191
34 sa_int_idx ec0ac50d360c90f79b06a5d4c11a9db0968077d594784c569c7cc6e59edad450
35 sa_bool_idx 7680e01d8f3ea0b5bb5631655a25e383dbd1e2a6a61cfb93262768c902418ffc
36 sa_datetime_idx 8c45cb5cd117aa77d714568c0799652a716f166736ecee80140d48dae56c7f09
37 sa_double_idx c04266fcc9c4f2334fbb9ce3ca314e0bf8902ad18e315ef2d4a633679aaede8e
38 sa_text_token_idx 3aec9542a64729cc00c7dbf5d24b052e4984df809bebb3e9dd1d493183784275
39 vis_rollup 7fc723b2b8cb121cd17e82878512d8a47a31d961870b23deef712e78b7f81f3d
40 idx_vis_execution_ns_status 63b68addb765c71da3944c96e07b72ea0bf50243c0adc1ee75b09ca2a2be1f88
41 idx_vis_execution_ns_start 230a3531a11ce7cf7fb0dbc127f460c15e5288ebaa17129a35b95283cb330d9d
42 idx_vis_execution_ns_tq 20c305303f6e85b7a0c8cb64f1165a0afe7995ba8cef2f327a6e26725dd121a4
43 routing_generation f10db090f2aac1b9d8c34f03b1decfd09528b4fa95042c3be4fda566bca51152
44 routing_generation_seed 9c93ee6850312d4743d8daecf1b2d415bbdadf0f2650031fa3841eebb2a5ddb5
45 budget_allocation 65213bbced319c88b58b93728d8d55e1a3adde82690dda36976a8973f1477635
46 budget_allocation_seed 7000f6740e9d898c5056e4a644179a7892c53216a2dd05e4273d5082ddd55f83
47 worker_deployments 5896887695194860f9e076ebfe463c62719635eb219b85d7a22ace5b452d5789
48 worker_deployment_token_seq cb1da5a59804be6a8c89849c28c5247bb0d0e4fd6f1210060da12d7b865b8836
49 chasm_node d3ccf0d8db3d2a69c7897da514ebd956815479ca49198578a123b1cf29525f5d
50 execution_visibility_current 4d8601b12cc488d5923382586165a57d22f36bef623a2c9d088786c4a91cbaa4
51 idx_execution_visibility_current_ns_arch_status a3f82903cfded1034bfc9e53dbb51608dc13416e60ee1e94d52dcd708ab629c0
52 execution_visibility_attr_index 71a00cd2579da7d86d3d053f3d4fd639c27ed0c3a5828dc37422c8b90d3ed126
53 idx_execution_visibility_attr_lookup d3e5b6ce12460aae91c00f8dca8323fd814649536ed5610c42f6a5628f964f45
54 execution_visibility_rollup 0bf27dd299a6cc18b346f79849bb41b4f439ed25b8405964a7fcee491a240e07
55 projection_checkpoint ea0c2c2f3d5b95ee500d799586334e965827bdffa9a924ee6c2dc0d94cc585a5
56 chasm_current_run 08fc6a03d385c212828dd3a010b044a361ef1a1aefd62a58295c6f82187d5c7d
57 workflow_rules 4764ffe336825a3b4c0d875cfdadcfbd61b692dc171469a805893e9a12ce23e8
58 task_queue_config f40bce09435a916c962bbd79cb521fd3afdeb5e5950eb16c9d76f182c7fd2541
59 worker_compute_controller_slot c0f723f818ea11656993f0077c11cf7ea8bd811ea60b637599dd3018904c63d5
60 worker_compute_controller 1a1af654bb08f1ace92a43bea118a69e09b7ddf481b4e71f9b938cfe088fa023
61 worker_compute_action 22672466105bfd2297e0570ee9d1e025eaa28dd5da894ebc72a43e26cc778f52
62 idx_worker_compute_action_due 7b94b5f2c2f5237fe2dd57f4665159f8629f32bff4ef929dbf117f8431135f24
63 worker_compute_queue_sample 97697fefba0d011e71a4af6f1e220bb0d4d04b3560b5a755383ffa4aff12bb3f
64 worker_task_provenance cead03c515babeff3cf7120d377237309c6679268fe57306bc4ee84654c78e2f
65 idx_worker_task_provenance_expiry de501de0310d39f2183c525017c52f248a53ed37c2f925135617e381d8953114
66 schema_compatibility 226d6a58922b45bc923e40dbb0ab6a33683ca39d0252dabb68497ecb0bb162b8
67 tokeira_control_lease 4ef3c9335ffe1d5a6d16d216ccff822ab790c35f797d16336fc08442c8f58b74
